interface DisplayProps {
  value: string;
  expression: string;
}

export function Display({ value, expression }: DisplayProps) {
  return (
    <div className="bg-gray-900 rounded-2xl p-6 mb-4 shadow-inner">
      <div className="text-gray-400 text-right text-sm h-6 overflow-hidden">
        {expression || ' '}
      </div>
      <div className="text-white text-right text-4xl font-bold overflow-hidden">
        <span className="break-all">{value || '0'}</span>
      </div>
    </div>
  );
}
